// !$*UTF8*$!
{
	archiveVersion = 1;
	classes = {
	};
	objectVersion = 46;
	objects = {

/* Begin PBXBuildFile section */
		A295F79E1C77114B007AC999 /* main.m in Sources */ = {isa = PBXBuildFile; fileRef = A295F79D1C77114B007AC999 /* main.m */; };
		A295F7A11C77114B007AC999 /* AppDelegate.m in Sources */ = {isa = PBXBuildFile; fileRef = A295F7A01C77114B007AC999 /* AppDelegate.m */; };
		A295F7A41C77114B007AC999 /* ViewController.m in Sources */ = {isa = PBXBuildFile; fileRef = A295F7A31C77114B007AC999 /* ViewController.m */; };
		A295F7A71C77114B007AC999 /* Main.storyboard in Resources */ = {isa = PBXBuildFile; fileRef = A295F7A51C77114B007AC999 /* Main.storyboard */; };
		A295F7A91C77114B007AC999 /* Assets.xcassets in Resources */ = {isa = PBXBuildFile; fileRef = A295F7A81C77114B007AC999 /* Assets.xcassets */; };
		A295F7AC1C77114B007AC999 /* LaunchScreen.storyboard in Resources */ = {isa = PBXBuildFile; fileRef = A295F7AA1C77114B007AC999 /* LaunchScreen.storyboard */; };
		A295F7B51C77116E007AC999 /* YSLockCircle.m in Sources */ = {isa = PBXBuildFile; fileRef = A295F7B41C77116E007AC999 /* YSLockCircle.m */; };
		A295F7B81C7729BC007AC999 /* YSLockSudoView.m in Sources */ = {isa = PBXBuildFile; fileRef = A295F7B71C7729BC007AC999 /* YSLockSudoView.m */; };
		A295F7BA1C7AF01A007AC999 /* a@2x.jpeg in Resources */ = {isa = PBXBuildFile; fileRef = A295F7B91C7AF01A007AC999 /* a@2x.jpeg */; };
		A295F7BD1C7AF07B007AC999 /* YSDrawImageView.m in Sources */ = {isa = PBXBuildFile; fileRef = A295F7BC1C7AF07B007AC999 /* YSDrawImageView.m */; };
/* End PBXBuildFile section */

/* Begin PBXFileReference section */
		A295F7991C77114B007AC999 /* UnLock.app */ = {isa = PBXFileReference; explicitFileType = wrapper.application; includeInIndex = 0; path = UnLock.app; sourceTree = BUILT_PRODUCTS_DIR; };
		A295F79D1C77114B007AC999 /* main.m */ = {isa = PBXFileReference; lastKnownFileType = sourcecode.c.objc; path = main.m; sourceTree = "<group>"; };
		A295F79F1C77114B007AC999 /* AppDelegate.h */ = {isa = PBXFileReference; lastKnownFileType = sourcecode.c.h; path = AppDelegate.h; sourceTree = "<group>"; };
		A295F7A01C77114B007AC999 /* AppDelegate.m */ = {isa = PBXFileReference; lastKnownFileType = sourcecode.c.objc; path = AppDelegate.m; sourceTree = "<group>"; };
		A295F7A21C77114B007AC999 /* ViewController.h */ = {isa = PBXFileReference; lastKnownFileType = sourcecode.c.h; path = ViewController.h; sourceTree = "<group>"; };
		A295F7A31C77114B007AC999 /* ViewController.m */ = {isa = PBXFileReference; lastKnownFileType = sourcecode.c.objc; path = ViewController.m; sourceTree = "<group>"; };
		A295F7A61C77114B007AC999 /* Base */ = {isa = PBXFileReference; lastKnownFileType = file.storyboard; name = Base; path = Base.lproj/Main.storyboard; sourceTree = "<group>"; };
		A295F7A81C77114B007AC999 /* Assets.xcassets */ = {isa = PBXFileReference; lastKnownFileType = folder.assetcatalog; path = Assets.xcassets; sourceTree = "<group>"; };
		A295F7AB1C77114B007AC999 /* Base */ = {isa = PBXFileReference; lastKnownFileType = file.storyboard; name = Base; path = Base.lproj/LaunchScreen.storyboard; sourceTree = "<group>"; };
		A295F7AD1C77114B007AC999 /* Info.plist */ = {isa = PBXFileReference; lastKnownFileType = text.plist.xml; path = Info.plist; sourceTree = "<group>"; };
		A295F7B31C77116E007AC999 /* YSLockCircle.h */ = {isa = PBXFileReference; fileEncoding = 4; lastKnownFileType = sourcecode.c.h; path = YSLockCircle.h; sourceTree = "<group>"; };
		A295F7B41C77116E007AC999 /* YSLockCircle.m */ = {isa = PBXFileReference; fileEncoding = 4; lastKnownFileType = sourcecode.c.objc; path = YSLockCircle.m; sourceTree = "<group>"; };
		A295F7B61C7729BC007AC999 /* YSLockSudoView.h */ = {isa = PBXFileReference; fileEncoding = 4; lastKnownFileType = sourcecode.c.h; path = YSLockSudoView.h; sourceTree = "<group>"; };
		A295F7B71C7729BC007AC999 /* YSLockSudoView.m */ = {isa = PBXFileReference; fileEncoding = 4; lastKnownFileType = sourcecode.c.objc; path = YSLockSudoView.m; sourceTree = "<group>"; };
		A295F7B91C7AF01A007AC999 /* a@2x.jpeg */ = {isa = PBXFileReference; lastKnownFileType = image.jpeg; path = "a@2x.jpeg"; sourceTree = "<group>"; };
		A295F7BB1C7AF07B007AC999 /* YSDrawImageView.h */ = {isa = PBXFileReference; fileEncoding = 4; lastKnownFileType = sourcecode.c.h; path = YSDrawImageView.h; sourceTree = "<group>"; };
		A295F7BC1C7AF07B007AC999 /* YSDrawImageView.m */ = {isa = PBXFileReference; fileEncoding = 4; lastKnownFileType = sourcecode.c.objc; path = YSDrawImageView.m; sourceTree = "<group>"; };
/* End PBXFileReference section */

/* Begin PBXFrameworksBuildPhase section */
		A295F7961C77114B007AC999 /* Frameworks */ = {
			isa = PBXFrameworksBuildPhase;
			buildActionMask = 2147483647;
			files = (
			);
			runOnlyForDeploymentPostprocessing = 0;
		};
/* End PBXFrameworksBuildPhase section */

/* Begin PBXGroup section */
		A295F7901C77114B007AC999 = {
			isa = PBXGroup;
			children = (
				A295F79B1C77114B007AC999 /* UnLock */,
				A295F79A1C77114B007AC999 /* Products */,
			);
			sourceTree = "<group>";
		};
		A295F79A1C77114B007AC999 /* Products */ = {
			isa = PBXGroup;
			children = (
				A295F7991C77114B007AC999 /* UnLock.app */,
			);
			name = Products;
			sourceTree = "<group>";
		};
		A295F79B1C77114B007AC999 /* UnLock */ = {
			isa = PBXGroup;
			children = (
				A295F7B91C7AF01A007AC999 /* a@2x.jpeg */,
				A295F79F1C77114B007AC999 /* AppDelegate.h */,
				A295F7A01C77114B007AC999 /* AppDelegate.m */,
				A295F7A21C77114B007AC999 /* ViewController.h */,
				A295F7A31C77114B007AC999 /* ViewController.m */,
				A295F7A51C77114B007AC999 /* Main.storyboard */,
				A295F7A81C77114B007AC999 /* Assets.xcassets */,
				A295F7AA1C77114B007AC999 /* LaunchScreen.storyboard */,
				A295F7AD1C77114B007AC999 /* Info.plist */,
				A295F79C1C77114B007AC999 /* Supporting Files */,
				A295F7B31C77116E007AC999 /* YSLockCircle.h */,
				A295F7B41C77116E007AC999 /* YSLockCircle.m */,
				A295F7B61C7729BC007AC999 /* YSLockSudoView.h */,
				A295F7B71C7729BC007AC999 /* YSLockSudoView.m */,
				A295F7BB1C7AF07B007AC999 /* YSDrawImageView.h */,
				A295F7BC1C7AF07B007AC999 /* YSDrawImageView.m */,
			);
			path = UnLock;
			sourceTree = "<group>";
		};
		A295F79C1C77114B007AC999 /* Supporting Files */ = {
			isa = PBXGroup;
			children = (
				A295F79D1C77114B007AC999 /* main.m */,
			);
			name = "Supporting Files";
			sourceTree = "<group>";
		};
/* End PBXGroup section */

/* Begin PBXNativeTarget section */
		A295F7981C77114B007AC999 /* UnLock */ = {
			isa = PBXNativeTarget;
			buildConfigurationList = A295F7B01C77114B007AC999 /* Build configuration list for PBXNativeTarget "UnLock" */;
			buildPhases = (
				A295F7951C77114B007AC999 /* Sources */,
				A295F7961C77114B007AC999 /* Frameworks */,
				A295F7971C77114B007AC999 /* Resources */,
			);
			buildRules = (
			);
			dependencies = (
			);
			name = UnLock;
			productName = UnLock;
			productReference = A295F7991C77114B007AC999 /* UnLock.app */;
			productType = "com.apple.product-type.application";
		};
/* End PBXNativeTarget section */

/* Begin PBXProject section */
		A295F7911C77114B007AC999 /* Project object */ = {
			isa = PBXProject;
			attributes = {
				LastUpgradeCheck = 0720;
				ORGANIZATIONNAME = YS;
				TargetAttributes = {
					A295F7981C77114B007AC999 = {
						CreatedOnToolsVersion = 7.2;
					};
				};
			};
			buildConfigurationList = A295F7941C77114B007AC999 /* Build configuration list for PBXProject "UnLock" */;
			compatibilityVersion = "Xcode 3.2";
			developmentRegion = English;
			hasScannedForEncodings = 0;
			knownRegions = (
				en,
				Base,
			);
			mainGroup = A295F7901C77114B007AC999;
			productRefGroup = A295F79A1C77114B007AC999 /* Products */;
			projectDirPath = "";
			projectRoot = "";
			targets = (
				A295F7981C77114B007AC999 /* UnLock */,
			);
		};
/* End PBXProject section */

/* Begin PBXResourcesBuildPhase section */
		A295F7971C77114B007AC999 /* Resources */ = {
			isa = PBXResourcesBuildPhase;
			buildActionMask = 2147483647;
			files = (
				A295F7BA1C7AF01A007AC999 /* a@2x.jpeg in Resources */,
				A295F7AC1C77114B007AC999 /* LaunchScreen.storyboard in Resources */,
				A295F7A91C77114B007AC999 /* Assets.xcassets in Resources */,
				A295F7A71C77114B007AC999 /* Main.storyboard in Resources */,
			);
			runOnlyForDeploymentPostprocessing = 0;
		};
/* End PBXResourcesBuildPhase section */

/* Begin PBXSourcesBuildPhase section */
		A295F7951C77114B007AC999 /* Sources */ = {
			isa = PBXSourcesBuildPhase;
			buildActionMask = 2147483647;
			files = (
				A295F7B51C77116E007AC999 /* YSLockCircle.m in Sources */,
				A295F7A41C77114B007AC999 /* ViewController.m in Sources */,
				A295F7B81C7729BC007AC999 /* YSLockSudoView.m in Sources */,
				A295F7A11C77114B007AC999 /* AppDelegate.m in Sources */,
				A295F7BD1C7AF07B007AC999 /* YSDrawImageView.m in Sources */,
				A295F79E1C77114B007AC999 /* main.m in Sources */,
			);
			runOnlyForDeploymentPostprocessing = 0;
		};
/* End PBXSourcesBuildPhase section */

/* Begin PBXVariantGroup section */
		A295F7A51C77114B007AC999 /* Main.storyboard */ = {
			isa = PBXVariantGroup;
			children = (
				A295F7A61C77114B007AC999 /* Base */,
			);
			name = Main.storyboard;
			sourceTree = "<group>";
		};
		A295F7AA1C77114B007AC999 /* LaunchScreen.storyboard */ = {
			isa = PBXVariantGroup;
			children = (
				A295F7AB1C77114B007AC999 /* Base */,
			);
			name = LaunchScreen.storyboard;
			sourceTree = "<group>";
		};
/* End PBXVariantGroup section */

/* Begin XCBuildConfiguration section */
		A295F7AE1C77114B007AC999 /* Debug */ = {
			isa = XCBuildConfiguration;
			buildSettings = {
				ALWAYS_SEARCH_USER_PATHS = NO;
				CLANG_CXX_LANGUAGE_STANDARD = "gnu++0x";
				CLANG_CXX_LIBRARY = "libc++";
				CLANG_ENABLE_MODULES = YES;
				CLANG_ENABLE_OBJC_ARC = YES;
				CLANG_WARN_BOOL_CONVERSION = YES;
				CLANG_WARN_CONSTANT_CONVERSION = YES;
				CLANG_WARN_DIRECT_OBJC_ISA_USAGE = YES_ERROR;
				CLANG_WARN_EMPTY_BODY = YES;
				CLANG_WARN_ENUM_CONVERSION = YES;
				CLANG_WARN_INT_CONVERSION = YES;
				CLANG_WARN_OBJC_ROOT_CLASS = YES_ERROR;
				CLANG_WARN_UNREACHABLE_CODE = YES;
				CLANG_WARN__DUPLICATE_METHOD_MATCH = YES;
				"CODE_SIGN_IDENTITY[sdk=iphoneos*]" = "iPhone Developer";
				COPY_PHASE_STRIP = NO;
				DEBUG_INFORMATION_FORMAT = dwarf;
				ENABLE_STRICT_OBJC_MSGSEND = YES;
				ENABLE_TESTABILITY = YES;
				GCC_C_LANGUAGE_STANDARD = gnu99;
				GCC_DYNAMIC_NO_PIC = NO;
				GCC_NO_COMMON_BLOCKS = YES;
				GCC_OPTIMIZATION_LEVEL = 0;
				GCC_PREPROCESSOR_DEFINITIONS = (
					"DEBUG=1",
					"$(inherited)",
				);
				GCC_WARN_64_TO_32_BIT_CONVERSION = YES;
				GCC_WARN_ABOUT_RETURN_TYPE = YES_ERROR;
				GCC_WARN_UNDECLARED_SELECTOR = YES;
				GCC_WARN_UNINITIALIZED_AUTOS = YES_AGGRESSIVE;
				GCC_WARN_UNUSED_FUNCTION = YES;
				GCC_WARN_UNUSED_VARIABLE = YES;
				IPHONEOS_DEPLOYMENT_TARGET = 9.2;
				MTL_ENABLE_DEBUG_INFO = YES;
				ONLY_ACTIVE_ARCH = YES;
				SDKROOT = iphoneos;
			};
			name = Debug;
		};
		A295F7AF1C77114B007AC999 /* Release */ = {
			isa = XCBuildConfiguration;
			buildSettings = {
				ALWAYS_SEARCH_USER_PATHS = NO;
				CLANG_CXX_LANGUAGE_STANDARD = "gnu++0x";
				CLANG_CXX_LIBRARY = "libc++";
				CLANG_ENABLE_MODULES = YES;
				CLANG_ENABLE_OBJC_ARC = YES;
				CLANG_WARN_BOOL_CONVERSION = YES;
				CLANG_WARN_CONSTANT_CONVERSION = YES;
				CLANG_WARN_DIRECT_OBJC_ISA_USAGE = YES_ERROR;
				CLANG_WARN_EMPTY_BODY = YES;
				CLANG_WARN_ENUM_CONVERSION = YES;
				CLANG_WARN_INT_CONVERSION = YES;
				CLANG_WARN_OBJC_ROOT_CLASS = YES_ERROR;
				CLANG_WARN_UNREACHABLE_CODE = YES;
				CLANG_WARN__DUPLICATE_METHOD_MATCH = YES;
				"CODE_SIGN_IDENTITY[sdk=iphoneos*]" = "iPhone Developer";
				COPY_PHASE_STRIP = NO;
				DEBUG_INFORMATION_FORMAT = "dwarf-with-dsym";
				ENABLE_NS_ASSERTIONS = NO;
				ENABLE_STRICT_OBJC_MSGSEND = YES;
				GCC_C_LANGUAGE_STANDARD = gnu99;
				GCC_NO_COMMON_BLOCKS = YES;
				GCC_WARN_64_TO_32_BIT_CONVERSION = YES;
				GCC_WARN_ABOUT_RETURN_TYPE = YES_ERROR;
				GCC_WARN_UNDECLARED_SELECTOR = YES;
				GCC_WARN_UNINITIALIZED_AUTOS = YES_AGGRESSIVE;
				GCC_WARN_UNUSED_FUNCTION = YES;
				GCC_WARN_UNUSED_VARIABLE = YES;
				IPHONEOS_DEPLOYMENT_TARGET = 9.2;
				MTL_ENABLE_DEBUG_INFO = NO;
				SDKROOT = iphoneos;
				VALIDATE_PRODUCT = YES;
			};
			name = Release;
		};
		A295F7B11C77114B007AC999 /* Debug */ = {
			isa = XCBuildConfiguration;
			buildSettings = {
				ASSETCATALOG_COMPILER_APPICON_NAME = AppIcon;
				INFOPLIST_FILE = UnLock/Info.plist;
				IPHONEOS_DEPLOYMENT_TARGET = 7.0;
				LD_RUNPATH_SEARCH_PATHS = "$(inherited) @executable_path/Frameworks";
				PRODUCT_BUNDLE_IDENTIFIER = com.koudai.UnLock;
				PRODUCT_NAME = "$(TARGET_NAME)";
			};
			name = Debug;
		};
		A295F7B21C77114B007AC999 /* Release */ = {
			isa = XCBuildConfiguration;
			buildSettings = {
				ASSETCATALOG_COMPILER_APPICON_NAME = AppIcon;
				INFOPLIST_FILE = UnLock/Info.plist;
				IPHONEOS_DEPLOYMENT_TARGET = 7.0;
				LD_RUNPATH_SEARCH_PATHS = "$(inherited) @executable_path/Frameworks";
				PRODUCT_BUNDLE_IDENTIFIER = com.koudai.UnLock;
				PRODUCT_NAME = "$(TARGET_NAME)";
			};
			name = Release;
		};
/* End XCBuildConfiguration section */

/* Begin XCConfigurationList section */
		A295F7941C77114B007AC999 /* Build configuration list for PBXProject "UnLock" */ = {
			isa = XCConfigurationList;
			buildConfigurations = (
				A295F7AE1C77114B007AC999 /* Debug */,
				A295F7AF1C77114B007AC999 /* Release */,
			);
			defaultConfigurationIsVisible = 0;
			defaultConfigurationName = Release;
		};
		A295F7B01C77114B007AC999 /* Build configuration list for PBXNativeTarget "UnLock" */ = {
			isa = XCConfigurationList;
			buildConfigurations = (
				A295F7B11C77114B007AC999 /* Debug */,
				A295F7B21C77114B007AC999 /* Release */,
			);
			defaultConfigurationIsVisible = 0;
		};
/* End XCConfigurationList section */
	};
	rootObject = A295F7911C77114B007AC999 /* Project object */;
}
